{
    "_meta": {
        "hash": {
            "sha256": "87c6da284972dc869e96cfd2efa5c133cca1096d43b7d68473dc318c574bddf9"
        },
        "pipfile-spec": 6,
        "requires": {
            "python_version": "3.6"
        },
        "sources": [
            {
                "name": "pypi",
                "url": "https://pypi.org/simple",
                "verify_ssl": true
            }
        ]
    },
    "default": {
        "certifi": {
            "hashes": [
                "sha256:5e8eccf95924658c97b990b50552addb64f55e1e3dfe4880456ac1f287dc79d0",
                "sha256:75c33d546e0a732a4606749cbadcd81929f30d8b814061ca93cde49933dbb860"
            ],
            "index": "pypi",
            "version": "==2016.2.28"
        },
        "django": {
            "hashes": [
                "sha256:0eaca08f236bf502a9773e53623f766cc3ceee6453cc41e6de1c8b80f07d2364",
                "sha256:c9c994f5e0a032cbd45089798b52e4080f4dea7241c58e3e0636c54146480bb4"
            ],
            "index": "pypi",
            "version": "==2.2.18"
        },
        "gunicorn": {
            "hashes": [
                "sha256:1904bb2b8a43658807108d59c3f3d56c2b6121a701161de0ddf9ad140073c626",
                "sha256:cd4a810dd51bf497552cf3f863b575dabd73d6ad6a91075b65936b151cbf4f9c"
            ],
            "index": "pypi",
            "version": "==20.0.4"
        },
        "markdown": {
            "hashes": [
                "sha256:73af797238b95768b3a9b6fe6270e250e5c09d988b8e5b223fd5efa4e06faf81"
            ],
            "index": "pypi",
            "version": "==2.6.9"
        },
        "pipenv": {
            "hashes": [
                "sha256:04b9a8b02a3ff12a5502b335850cfdb192adcfd1d6bbdb7a7c47cae9ab9ddece",
                "sha256:e96d5bfa6822a17b2200d455aa5f9002c14361c50df1b1e51921479d7c09e741"
            ],
            "index": "pypi",
            "version": "==2018.5.18"
        },
        "pytz": {
            "hashes": [
                "sha256:d1d6729c85acea5423671382868627129432fba9a89ecbb248d8d1c7a9f01c67",
                "sha256:f5c056e8f62d45ba8215e5cb8f50dfccb198b4b9fbea8500674f3443e4689589"
            ],
            "index": "pypi",
            "version": "==2017.2"
        },
        "sqlparse": {
            "hashes": [
                "sha256:740a023ef38ce11bbb99a9d143856f56ef4ec5b0d7a853f58c02c65b035114c4",
                "sha256:becd7cc7cebbdf311de8ceedfcf2bd2403297024418801947f8c953025beeff8"
            ],
            "index": "pypi",
            "version": "==0.2.3"
        },
        "virtualenv": {
            "hashes": [
                "sha256:02f8102c2436bb03b3ee6dede1919d1dac8a427541652e5ec95171ec8adbc93a",
                "sha256:39d88b533b422825d644087a21e78c45cf5af0ef7a99a1fc9fbb7b481e5c85b0"
            ],
            "index": "pypi",
            "version": "==15.1.0"
        },
        "virtualenv-clone": {
            "hashes": [
                "sha256:07e74418b7cc64f4fda987bf5bc71ebd59af27a7bc9e8a8ee9fd54b1f2390a27",
                "sha256:665e48dd54c84b98b71a657acb49104c54e7652bce9c1c4f6c6976ed4c827a29"
            ],
            "index": "pypi",
            "version": "==0.5.4"
        },
        "wincertstore": {
            "hashes": [
                "sha256:22d5eebb52df88a8d4014d5cf6d1b6c3a5d469e6c3b2e2854f3a003e48872356",
                "sha256:780bd1557c9185c15d9f4221ea7f905cb20b93f7151ca8ccaed9714dce4b327a"
            ],
            "index": "pypi",
            "version": "==0.2"
        }
    },
    "develop": {}
}
